
Microsoft Visual Studio Solution File, Format Version 12.00
# Visual Studio Version 16
VisualStudioVersion = 16.0.31829.152
MinimumVisualStudioVersion = 10.0.40219.1
Project("{FAE04EC0-301F-11D3-BF4B-00C04F79EFBC}") = "Sorting Visualizer Forms", "Sorting Visualizer Forms\Sorting Visualizer Forms.csproj", "{D2378C14-9676-4017-9C05-635146045760}"
EndProject
Global
	GlobalSection(SolutionConfigurationPlatforms) = preSolution
		Debug|Any CPU = Debug|Any CPU
		Release|Any CPU = Release|Any CPU
	EndGlobalSection
	GlobalSection(ProjectConfigurationPlatforms) = postSolution
		{D2378C14-9676-4017-9C05-635146045760}.Debug|Any CPU.ActiveCfg = Debug|Any CPU
		{D2378C14-9676-4017-9C05-635146045760}.Debug|Any CPU.Build.0 = Debug|Any CPU
		{D2378C14-9676-4017-9C05-635146045760}.Release|Any CPU.ActiveCfg = Release|Any CPU
		{D2378C14-9676-4017-9C05-635146045760}.Release|Any CPU.Build.0 = Release|Any CPU
	EndGlobalSection
	GlobalSection(SolutionProperties) = preSolution
		HideSolutionNode = FALSE
	EndGlobalSection
	GlobalSection(ExtensibilityGlobals) = postSolution
		SolutionGuid = {65766B8C-196A-477B-9399-DDD4C2E85CBC}
	EndGlobalSection
EndGlobal
